// !$*UTF8*$!
{
	archiveVersion = 1;
	classes = {
	};
	objectVersion = 55;
	objects = {

/* Begin PBXBuildFile section */
		4D06F09A27CD95CB00D654EB /* CloseDelegate.swift in Sources */ = {isa = PBXBuildFile; fileRef = 4D06F09927CD95CB00D654EB /* CloseDelegate.swift */; };
		4D06F09C27CD9CAB00D654EB /* NCO.swift in Sources */ = {isa = PBXBuildFile; fileRef = 4D06F09B27CD9CAB00D654EB /* NCO.swift */; };
		4D60B75827CD46FD00217424 /* SignalGeneratorAppApp.swift in Sources */ = {isa = PBXBuildFile; fileRef = 4D60B75727CD46FD00217424 /* SignalGeneratorAppApp.swift */; };
		4D60B75A27CD46FD00217424 /* ContentView.swift in Sources */ = {isa = PBXBuildFile; fileRef = 4D60B75927CD46FD00217424 /* ContentView.swift */; };
		4D60B75C27CD46FE00217424 /* Assets.xcassets in Resources */ = {isa = PBXBuildFile; fileRef = 4D60B75B27CD46FE00217424 /* Assets.xcassets */; };
		4D60B75F27CD46FE00217424 /* Preview Assets.xcassets in Resources */ = {isa = PBXBuildFile; fileRef = 4D60B75E27CD46FE00217424 /* Preview Assets.xcassets */; };
		4D60B76D27CD47E400217424 /* SignalGenerator.swift in Sources */ = {isa = PBXBuildFile; fileRef = 4D60B76C27CD47E400217424 /* SignalGenerator.swift */; };
		4DEA149527D95E7200533A8F /* Audio.swift in Sources */ = {isa = PBXBuildFile; fileRef = 4DEA149427D95E7200533A8F /* Audio.swift */; };
/* End PBXBuildFile section */

/* Begin PBXFileReference section */
		4D06F09927CD95CB00D654EB /* CloseDelegate.swift */ = {isa = PBXFileReference; fileEncoding = 4; lastKnownFileType = sourcecode.swift; path = CloseDelegate.swift; sourceTree = "<group>"; };
		4D06F09B27CD9CAB00D654EB /* NCO.swift */ = {isa = PBXFileReference; lastKnownFileType = sourcecode.swift; path = NCO.swift; sourceTree = "<group>"; };
		4D0C816827DA94A500BD5FBF /* readme.md */ = {isa = PBXFileReference; lastKnownFileType = net.daringfireball.markdown; path = readme.md; sourceTree = "<group>"; };
		4D0C816A27DA94A500BD5FBF /* ScreenShot.png */ = {isa = PBXFileReference; lastKnownFileType = image.png; path = ScreenShot.png; sourceTree = "<group>"; };
		4D0C816B27DA94A500BD5FBF /* TwoToneScreen.bmp */ = {isa = PBXFileReference; lastKnownFileType = image.bmp; path = TwoToneScreen.bmp; sourceTree = "<group>"; };
		4D0C816C27DA94A500BD5FBF /* TwoToneAudioGraph.bmp */ = {isa = PBXFileReference; lastKnownFileType = image.bmp; path = TwoToneAudioGraph.bmp; sourceTree = "<group>"; };
		4D0C816D27DA94A500BD5FBF /* TwoTone.bmp */ = {isa = PBXFileReference; lastKnownFileType = image.bmp; path = TwoTone.bmp; sourceTree = "<group>"; };
		4D0E5CF027D99BE00056776F /* Transceiver - Transmitter Two-Tone IMD Test (By Larry E. Gugle K4RFE).pdf */ = {isa = PBXFileReference; lastKnownFileType = image.pdf; path = "Transceiver - Transmitter Two-Tone IMD Test (By Larry E. Gugle K4RFE).pdf"; sourceTree = "<group>"; };
		4D60B75427CD46FD00217424 /* Two Tone Generator.app */ = {isa = PBXFileReference; explicitFileType = wrapper.application; includeInIndex = 0; path = "Two Tone Generator.app"; sourceTree = BUILT_PRODUCTS_DIR; };
		4D60B75727CD46FD00217424 /* SignalGeneratorAppApp.swift */ = {isa = PBXFileReference; lastKnownFileType = sourcecode.swift; path = SignalGeneratorAppApp.swift; sourceTree = "<group>"; };
		4D60B75927CD46FD00217424 /* ContentView.swift */ = {isa = PBXFileReference; lastKnownFileType = sourcecode.swift; path = ContentView.swift; sourceTree = "<group>"; };
		4D60B75B27CD46FE00217424 /* Assets.xcassets */ = {isa = PBXFileReference; lastKnownFileType = folder.assetcatalog; path = Assets.xcassets; sourceTree = "<group>"; };
		4D60B75E27CD46FE00217424 /* Preview Assets.xcassets */ = {isa = PBXFileReference; lastKnownFileType = folder.assetcatalog; path = "Preview Assets.xcassets"; sourceTree = "<group>"; };
		4D60B76027CD46FE00217424 /* SignalGeneratorApp.entitlements */ = {isa = PBXFileReference; lastKnownFileType = text.plist.entitlements; path = SignalGeneratorApp.entitlements; sourceTree = "<group>"; };
		4D60B76C27CD47E400217424 /* SignalGenerator.swift */ = {isa = PBXFileReference; fileEncoding = 4; lastKnownFileType = sourcecode.swift; path = SignalGenerator.swift; sourceTree = "<group>"; };
		4DEA149427D95E7200533A8F /* Audio.swift */ = {isa = PBXFileReference; fileEncoding = 4; lastKnownFileType = sourcecode.swift; path = Audio.swift; sourceTree = "<group>"; };
/* End PBXFileReference section */

/* Begin PBXFrameworksBuildPhase section */
		4D60B75127CD46FD00217424 /* Frameworks */ = {
			isa = PBXFrameworksBuildPhase;
			buildActionMask = 2147483647;
			files = (
			);
			runOnlyForDeploymentPostprocessing = 0;
		};
/* End PBXFrameworksBuildPhase section */

/* Begin PBXGroup section */
		4D0C816927DA94A500BD5FBF /* images */ = {
			isa = PBXGroup;
			children = (
				4D0C816A27DA94A500BD5FBF /* ScreenShot.png */,
				4D0C816B27DA94A500BD5FBF /* TwoToneScreen.bmp */,
				4D0C816C27DA94A500BD5FBF /* TwoToneAudioGraph.bmp */,
				4D0C816D27DA94A500BD5FBF /* TwoTone.bmp */,
			);
			path = images;
			sourceTree = "<group>";
		};
		4D60B74B27CD46FD00217424 = {
			isa = PBXGroup;
			children = (
				4D0C816927DA94A500BD5FBF /* images */,
				4D0C816827DA94A500BD5FBF /* readme.md */,
				4D0E5CF027D99BE00056776F /* Transceiver - Transmitter Two-Tone IMD Test (By Larry E. Gugle K4RFE).pdf */,
				4D60B75627CD46FD00217424 /* SignalGeneratorApp */,
				4D60B75527CD46FD00217424 /* Products */,
			);
			sourceTree = "<group>";
		};
		4D60B75527CD46FD00217424 /* Products */ = {
			isa = PBXGroup;
			children = (
				4D60B75427CD46FD00217424 /* Two Tone Generator.app */,
			);
			name = Products;
			sourceTree = "<group>";
		};
		4D60B75627CD46FD00217424 /* SignalGeneratorApp */ = {
			isa = PBXGroup;
			children = (
				4D60B75727CD46FD00217424 /* SignalGeneratorAppApp.swift */,
				4D60B75927CD46FD00217424 /* ContentView.swift */,
				4D60B76C27CD47E400217424 /* SignalGenerator.swift */,
				4D06F09B27CD9CAB00D654EB /* NCO.swift */,
				4DEA149427D95E7200533A8F /* Audio.swift */,
				4D06F09927CD95CB00D654EB /* CloseDelegate.swift */,
				4D60B75B27CD46FE00217424 /* Assets.xcassets */,
				4D60B76027CD46FE00217424 /* SignalGeneratorApp.entitlements */,
				4D60B75D27CD46FE00217424 /* Preview Content */,
			);
			path = SignalGeneratorApp;
			sourceTree = "<group>";
		};
		4D60B75D27CD46FE00217424 /* Preview Content */ = {
			isa = PBXGroup;
			children = (
				4D60B75E27CD46FE00217424 /* Preview Assets.xcassets */,
			);
			path = "Preview Content";
			sourceTree = "<group>";
		};
/* End PBXGroup section */

/* Begin PBXNativeTarget section */
		4D60B75327CD46FD00217424 /* Two Tone Generator */ = {
			isa = PBXNativeTarget;
			buildConfigurationList = 4D60B76327CD46FE00217424 /* Build configuration list for PBXNativeTarget "Two Tone Generator" */;
			buildPhases = (
				4D60B75027CD46FD00217424 /* Sources */,
				4D60B75127CD46FD00217424 /* Frameworks */,
				4D60B75227CD46FD00217424 /* Resources */,
			);
			buildRules = (
			);
			dependencies = (
			);
			name = "Two Tone Generator";
			packageProductDependencies = (
			);
			productName = SignalGeneratorApp;
			productReference = 4D60B75427CD46FD00217424 /* Two Tone Generator.app */;
			productType = "com.apple.product-type.application";
		};
/* End PBXNativeTarget section */

/* Begin PBXProject section */
		4D60B74C27CD46FD00217424 /* Project object */ = {
			isa = PBXProject;
			attributes = {
				BuildIndependentTargetsInParallel = 1;
				LastSwiftUpdateCheck = 1320;
				LastUpgradeCheck = 1320;
				TargetAttributes = {
					4D60B75327CD46FD00217424 = {
						CreatedOnToolsVersion = 13.2;
					};
				};
			};
			buildConfigurationList = 4D60B74F27CD46FD00217424 /* Build configuration list for PBXProject "SignalGeneratorApp" */;
			compatibilityVersion = "Xcode 13.0";
			developmentRegion = en;
			hasScannedForEncodings = 0;
			knownRegions = (
				en,
				Base,
			);
			mainGroup = 4D60B74B27CD46FD00217424;
			packageReferences = (
			);
			productRefGroup = 4D60B75527CD46FD00217424 /* Products */;
			projectDirPath = "";
			projectRoot = "";
			targets = (
				4D60B75327CD46FD00217424 /* Two Tone Generator */,
			);
		};
/* End PBXProject section */

/* Begin PBXResourcesBuildPhase section */
		4D60B75227CD46FD00217424 /* Resources */ = {
			isa = PBXResourcesBuildPhase;
			buildActionMask = 2147483647;
			files = (
				4D60B75F27CD46FE00217424 /* Preview Assets.xcassets in Resources */,
				4D60B75C27CD46FE00217424 /* Assets.xcassets in Resources */,
			);
			runOnlyForDeploymentPostprocessing = 0;
		};
/* End PBXResourcesBuildPhase section */

/* Begin PBXSourcesBuildPhase section */
		4D60B75027CD46FD00217424 /* Sources */ = {
			isa = PBXSourcesBuildPhase;
			buildActionMask = 2147483647;
			files = (
				4DEA149527D95E7200533A8F /* Audio.swift in Sources */,
				4D60B75A27CD46FD00217424 /* ContentView.swift in Sources */,
				4D60B75827CD46FD00217424 /* SignalGeneratorAppApp.swift in Sources */,
				4D06F09C27CD9CAB00D654EB /* NCO.swift in Sources */,
				4D60B76D27CD47E400217424 /* SignalGenerator.swift in Sources */,
				4D06F09A27CD95CB00D654EB /* CloseDelegate.swift in Sources */,
			);
			runOnlyForDeploymentPostprocessing = 0;
		};
/* End PBXSourcesBuildPhase section */

/* Begin XCBuildConfiguration section */
		4D60B76127CD46FE00217424 /* Debug */ = {
			isa = XCBuildConfiguration;
			buildSettings = {
				ALWAYS_SEARCH_USER_PATHS = NO;
				CLANG_ANALYZER_NONNULL = YES;
				CLANG_ANALYZER_NUMBER_OBJECT_CONVERSION = YES_AGGRESSIVE;
				CLANG_CXX_LANGUAGE_STANDARD = "gnu++17";
				CLANG_CXX_LIBRARY = "libc++";
				CLANG_ENABLE_MODULES = YES;
				CLANG_ENABLE_OBJC_ARC = YES;
				CLANG_ENABLE_OBJC_WEAK = YES;
				CLANG_WARN_BLOCK_CAPTURE_AUTORELEASING = YES;
				CLANG_WARN_BOOL_CONVERSION = YES;
				CLANG_WARN_COMMA = YES;
				CLANG_WARN_CONSTANT_CONVERSION = YES;
				CLANG_WARN_DEPRECATED_OBJC_IMPLEMENTATIONS = YES;
				CLANG_WARN_DIRECT_OBJC_ISA_USAGE = YES_ERROR;
				CLANG_WARN_DOCUMENTATION_COMMENTS = YES;
				CLANG_WARN_EMPTY_BODY = YES;
				CLANG_WARN_ENUM_CONVERSION = YES;
				CLANG_WARN_INFINITE_RECURSION = YES;
				CLANG_WARN_INT_CONVERSION = YES;
				CLANG_WARN_NON_LITERAL_NULL_CONVERSION = YES;
				CLANG_WARN_OBJC_IMPLICIT_RETAIN_SELF = YES;
				CLANG_WARN_OBJC_LITERAL_CONVERSION = YES;
				CLANG_WARN_OBJC_ROOT_CLASS = YES_ERROR;
				CLANG_WARN_QUOTED_INCLUDE_IN_FRAMEWORK_HEADER = YES;
				CLANG_WARN_RANGE_LOOP_ANALYSIS = YES;
				CLANG_WARN_STRICT_PROTOTYPES = YES;
				CLANG_WARN_SUSPICIOUS_MOVE = YES;
				CLANG_WARN_UNGUARDED_AVAILABILITY = YES_AGGRESSIVE;
				CLANG_WARN_UNREACHABLE_CODE = YES;
				CLANG_WARN__DUPLICATE_METHOD_MATCH = YES;
				COPY_PHASE_STRIP = NO;
				DEBUG_INFORMATION_FORMAT = dwarf;
				ENABLE_STRICT_OBJC_MSGSEND = YES;
				ENABLE_TESTABILITY = YES;
				GCC_C_LANGUAGE_STANDARD = gnu11;
				GCC_DYNAMIC_NO_PIC = NO;
				GCC_NO_COMMON_BLOCKS = YES;
				GCC_OPTIMIZATION_LEVEL = 0;
				GCC_PREPROCESSOR_DEFINITIONS = (
					"DEBUG=1",
					"$(inherited)",
				);
				GCC_WARN_64_TO_32_BIT_CONVERSION = YES;
				GCC_WARN_ABOUT_RETURN_TYPE = YES_ERROR;
				GCC_WARN_UNDECLARED_SELECTOR = YES;
				GCC_WARN_UNINITIALIZED_AUTOS = YES_AGGRESSIVE;
				GCC_WARN_UNUSED_FUNCTION = YES;
				GCC_WARN_UNUSED_VARIABLE = YES;
				MACOSX_DEPLOYMENT_TARGET = 11.5;
				MTL_ENABLE_DEBUG_INFO = INCLUDE_SOURCE;
				MTL_FAST_MATH = YES;
				ONLY_ACTIVE_ARCH = YES;
				SDKROOT = macosx;
				SWIFT_ACTIVE_COMPILATION_CONDITIONS = DEBUG;
				SWIFT_OPTIMIZATION_LEVEL = "-Onone";
			};
			name = Debug;
		};
		4D60B76227CD46FE00217424 /* Release */ = {
			isa = XCBuildConfiguration;
			buildSettings = {
				ALWAYS_SEARCH_USER_PATHS = NO;
				CLANG_ANALYZER_NONNULL = YES;
				CLANG_ANALYZER_NUMBER_OBJECT_CONVERSION = YES_AGGRESSIVE;
				CLANG_CXX_LANGUAGE_STANDARD = "gnu++17";
				CLANG_CXX_LIBRARY = "libc++";
				CLANG_ENABLE_MODULES = YES;
				CLANG_ENABLE_OBJC_ARC = YES;
				CLANG_ENABLE_OBJC_WEAK = YES;
				CLANG_WARN_BLOCK_CAPTURE_AUTORELEASING = YES;
				CLANG_WARN_BOOL_CONVERSION = YES;
				CLANG_WARN_COMMA = YES;
				CLANG_WARN_CONSTANT_CONVERSION = YES;
				CLANG_WARN_DEPRECATED_OBJC_IMPLEMENTATIONS = YES;
				CLANG_WARN_DIRECT_OBJC_ISA_USAGE = YES_ERROR;
				CLANG_WARN_DOCUMENTATION_COMMENTS = YES;
				CLANG_WARN_EMPTY_BODY = YES;
				CLANG_WARN_ENUM_CONVERSION = YES;
				CLANG_WARN_INFINITE_RECURSION = YES;
				CLANG_WARN_INT_CONVERSION = YES;
				CLANG_WARN_NON_LITERAL_NULL_CONVERSION = YES;
				CLANG_WARN_OBJC_IMPLICIT_RETAIN_SELF = YES;
				CLANG_WARN_OBJC_LITERAL_CONVERSION = YES;
				CLANG_WARN_OBJC_ROOT_CLASS = YES_ERROR;
				CLANG_WARN_QUOTED_INCLUDE_IN_FRAMEWORK_HEADER = YES;
				CLANG_WARN_RANGE_LOOP_ANALYSIS = YES;
				CLANG_WARN_STRICT_PROTOTYPES = YES;
				CLANG_WARN_SUSPICIOUS_MOVE = YES;
				CLANG_WARN_UNGUARDED_AVAILABILITY = YES_AGGRESSIVE;
				CLANG_WARN_UNREACHABLE_CODE = YES;
				CLANG_WARN__DUPLICATE_METHOD_MATCH = YES;
				COPY_PHASE_STRIP = NO;
				DEBUG_INFORMATION_FORMAT = "dwarf-with-dsym";
				ENABLE_NS_ASSERTIONS = NO;
				ENABLE_STRICT_OBJC_MSGSEND = YES;
				GCC_C_LANGUAGE_STANDARD = gnu11;
				GCC_NO_COMMON_BLOCKS = YES;
				GCC_WARN_64_TO_32_BIT_CONVERSION = YES;
				GCC_WARN_ABOUT_RETURN_TYPE = YES_ERROR;
				GCC_WARN_UNDECLARED_SELECTOR = YES;
				GCC_WARN_UNINITIALIZED_AUTOS = YES_AGGRESSIVE;
				GCC_WARN_UNUSED_FUNCTION = YES;
				GCC_WARN_UNUSED_VARIABLE = YES;
				MACOSX_DEPLOYMENT_TARGET = 11.5;
				MTL_ENABLE_DEBUG_INFO = NO;
				MTL_FAST_MATH = YES;
				SDKROOT = macosx;
				SWIFT_COMPILATION_MODE = wholemodule;
				SWIFT_OPTIMIZATION_LEVEL = "-O";
			};
			name = Release;
		};
		4D60B76427CD46FE00217424 /* Debug */ = {
			isa = XCBuildConfiguration;
			buildSettings = {
				ASSETCATALOG_COMPILER_APPICON_NAME = AppIcon;
				ASSETCATALOG_COMPILER_GLOBAL_ACCENT_COLOR_NAME = AccentColor;
				CODE_SIGN_ENTITLEMENTS = SignalGeneratorApp/SignalGeneratorApp.entitlements;
				CODE_SIGN_IDENTITY = "Apple Development";
				CODE_SIGN_STYLE = Automatic;
				COMBINE_HIDPI_IMAGES = YES;
				CURRENT_PROJECT_VERSION = 1;
				DEVELOPMENT_ASSET_PATHS = "\"SignalGeneratorApp/Preview Content\"";
				DEVELOPMENT_TEAM = 566Y4FXUU7;
				ENABLE_HARDENED_RUNTIME = YES;
				ENABLE_PREVIEWS = YES;
				GENERATE_INFOPLIST_FILE = YES;
				INFOPLIST_KEY_NSHumanReadableCopyright = "";
				LD_RUNPATH_SEARCH_PATHS = (
					"$(inherited)",
					"@executable_path/../Frameworks",
				);
				MARKETING_VERSION = 1.0;
				PRODUCT_BUNDLE_IDENTIFIER = com.microenh.SignalGeneratorApp;
				PRODUCT_NAME = "$(TARGET_NAME)";
				PROVISIONING_PROFILE_SPECIFIER = "";
				SWIFT_EMIT_LOC_STRINGS = YES;
				SWIFT_VERSION = 5.0;
			};
			name = Debug;
		};
		4D60B76527CD46FE00217424 /* Release */ = {
			isa = XCBuildConfiguration;
			buildSettings = {
				ASSETCATALOG_COMPILER_APPICON_NAME = AppIcon;
				ASSETCATALOG_COMPILER_GLOBAL_ACCENT_COLOR_NAME = AccentColor;
				CODE_SIGN_ENTITLEMENTS = SignalGeneratorApp/SignalGeneratorApp.entitlements;
				CODE_SIGN_IDENTITY = "Apple Development";
				CODE_SIGN_STYLE = Automatic;
				COMBINE_HIDPI_IMAGES = YES;
				CURRENT_PROJECT_VERSION = 1;
				DEVELOPMENT_ASSET_PATHS = "\"SignalGeneratorApp/Preview Content\"";
				DEVELOPMENT_TEAM = 566Y4FXUU7;
				ENABLE_HARDENED_RUNTIME = YES;
				ENABLE_PREVIEWS = YES;
				GENERATE_INFOPLIST_FILE = YES;
				INFOPLIST_KEY_NSHumanReadableCopyright = "";
				LD_RUNPATH_SEARCH_PATHS = (
					"$(inherited)",
					"@executable_path/../Frameworks",
				);
				MARKETING_VERSION = 1.0;
				PRODUCT_BUNDLE_IDENTIFIER = com.microenh.SignalGeneratorApp;
				PRODUCT_NAME = "$(TARGET_NAME)";
				PROVISIONING_PROFILE_SPECIFIER = "";
				SWIFT_EMIT_LOC_STRINGS = YES;
				SWIFT_VERSION = 5.0;
			};
			name = Release;
		};
/* End XCBuildConfiguration section */

/* Begin XCConfigurationList section */
		4D60B74F27CD46FD00217424 /* Build configuration list for PBXProject "SignalGeneratorApp" */ = {
			isa = XCConfigurationList;
			buildConfigurations = (
				4D60B76127CD46FE00217424 /* Debug */,
				4D60B76227CD46FE00217424 /* Release */,
			);
			defaultConfigurationIsVisible = 0;
			defaultConfigurationName = Release;
		};
		4D60B76327CD46FE00217424 /* Build configuration list for PBXNativeTarget "Two Tone Generator" */ = {
			isa = XCConfigurationList;
			buildConfigurations = (
				4D60B76427CD46FE00217424 /* Debug */,
				4D60B76527CD46FE00217424 /* Release */,
			);
			defaultConfigurationIsVisible = 0;
			defaultConfigurationName = Release;
		};
/* End XCConfigurationList section */
	};
	rootObject = 4D60B74C27CD46FD00217424 /* Project object */;
}
